<?xml version="1.0" encoding="utf-8"?>
<Project ToolsVersion="4.0" xmlns="http://schemas.microsoft.com/developer/msbuild/2003">
  <ItemGroup>
    <Filter Include="源文件">
      <UniqueIdentifier>{4FC737F1-C7A5-4376-A066-2A32D752A2FF}</UniqueIdentifier>
      <Extensions>cpp;c;cc;cxx;c++;def;odl;idl;hpj;bat;asm;asmx</Extensions>
    </Filter>
    <Filter Include="头文件">
      <UniqueIdentifier>{93995380-89BD-4b04-88EB-625FBE52EBFB}</UniqueIdentifier>
      <Extensions>h;hh;hpp;hxx;h++;hm;inl;inc;ipp;xsd</Extensions>
    </Filter>
    <Filter Include="资源文件">
      <UniqueIdentifier>{67DA6AB6-F800-4c08-8B7A-83BB121AAD01}</UniqueIdentifier>
      <Extensions>rc;ico;cur;bmp;dlg;rc2;rct;bin;rgs;gif;jpg;jpeg;jpe;resx;tiff;tif;png;wav;mfcribbon-ms</Extensions>
    </Filter>
    <Filter Include="clsocket">
      <UniqueIdentifier>{297dce8a-a5bf-4d4b-8c79-ee5cacd91aa8}</UniqueIdentifier>
    </Filter>
    <Filter Include="minhook">
      <UniqueIdentifier>{ea59c84f-6fb0-4b0e-b40e-8039cdd930af}</UniqueIdentifier>
    </Filter>
  </ItemGroup>
  <ItemGroup>
    <ClInclude Include="Client.h">
      <Filter>头文件</Filter>
    </ClInclude>
    <ClInclude Include="..\clsocket\src\ActiveSocket.h">
      <Filter>clsocket</Filter>
    </ClInclude>
    <ClInclude Include="..\clsocket\src\Host.h">
      <Filter>clsocket</Filter>
    </ClInclude>
    <ClInclude Include="..\clsocket\src\PassiveSocket.h">
      <Filter>clsocket</Filter>
    </ClInclude>
    <ClInclude Include="..\clsocket\src\SimpleSocket.h">
      <Filter>clsocket</Filter>
    </ClInclude>
    <ClInclude Include="..\clsocket\src\StatTimer.h">
      <Filter>clsocket</Filter>
    </ClInclude>
  </ItemGroup>
  <ItemGroup>
    <ClCompile Include="main.cpp">
      <Filter>源文件</Filter>
    </ClCompile>
    <ClCompile Include="Client.cpp">
      <Filter>源文件</Filter>
    </ClCompile>
    <ClCompile Include="..\clsocket\src\ActiveSocket.cpp">
      <Filter>clsocket</Filter>
    </ClCompile>
    <ClCompile Include="..\clsocket\src\PassiveSocket.cpp">
      <Filter>clsocket</Filter>
    </ClCompile>
    <ClCompile Include="..\clsocket\src\SimpleSocket.cpp">
      <Filter>clsocket</Filter>
    </ClCompile>
    <ClCompile Include="minhook\src\buffer.c">
      <Filter>minhook</Filter>
    </ClCompile>
    <ClCompile Include="minhook\src\hook.c">
      <Filter>minhook</Filter>
    </ClCompile>
    <ClCompile Include="minhook\src\trampoline.c">
      <Filter>minhook</Filter>
    </ClCompile>
    <ClCompile Include="minhook\src\hde\hde32.c">
      <Filter>minhook</Filter>
    </ClCompile>
    <ClCompile Include="minhook\src\hde\hde64.c">
      <Filter>minhook</Filter>
    </ClCompile>
  </ItemGroup>
</Project>